
Microsoft Visual Studio Solution File, Format Version 12.00
# Visual Studio Version 16
VisualStudioVersion = 16.0.29009.5
MinimumVisualStudioVersion = 10.0.40219.1
Project("{888888A0-9F3D-457C-B088-3A5042F75D52}") = "Guess the Number", "Guess the Number.pyproj", "{3C37F016-5B80-49F0-950C-E905A0564B05}"
EndProject
Global
	GlobalSection(SolutionConfigurationPlatforms) = preSolution
		Debug|Any CPU = Debug|Any CPU
		Release|Any CPU = Release|Any CPU
	EndGlobalSection
	GlobalSection(ProjectConfigurationPlatforms) = postSolution
		{3C37F016-5B80-49F0-950C-E905A0564B05}.Debug|Any CPU.ActiveCfg = Debug|Any CPU
		{3C37F016-5B80-49F0-950C-E905A0564B05}.Release|Any CPU.ActiveCfg = Release|Any CPU
	EndGlobalSection
	GlobalSection(SolutionProperties) = preSolution
		HideSolutionNode = FALSE
	EndGlobalSection
	GlobalSection(ExtensibilityGlobals) = postSolution
		SolutionGuid = {D865D62F-49F5-4459-8DC2-7C35237D3718}
	EndGlobalSection
EndGlobal
